{
  "object": {
    "pins": [
      {
        "package": "NodeBridge",
        "repositoryURL": "https://github.com/kewlbear/NodeBridge.git",
        "state": {
          "branch": "main",
          "revision": "6bb73be9a38cd1cb748b996d90820acb870e186a",
          "version": null
        }
      },
      {
        "package": "NodeDecoder",
        "repositoryURL": "https://github.com/kewlbear/NodeDecoder.git",
        "state": {
          "branch": "main",
          "revision": "90a2e42c3e074eee9a626187803c7177190c9623",
          "version": null
        }
      },
      {
        "package": "nodejs-ios",
        "repositoryURL": "https://github.com/kewlbear/nodejs-ios.git",
        "state": {
          "branch": "main",
          "revision": "d758bcfcb2e7754d218f1fd109976e988704a061",
          "version": null
        }
      }
    ]
  },
  "version": 1
}
